
Microsoft Visual Studio Solution File, Format Version 12.00
# Visual Studio Version 16
VisualStudioVersion = 16.0.29025.244
MinimumVisualStudioVersion = 10.0.40219.1
Project("{9A19103F-16F7-4668-BE54-9A1E7A4F7556}") = "OnlineSinavSistemi.Model", "OnlineSinavSistemi.Model\OnlineSinavSistemi.Model.csproj", "{35419D50-BDEB-41FD-8582-DE90DB8C6F77}"
EndProject
Project("{9A19103F-16F7-4668-BE54-9A1E7A4F7556}") = "OnlineSinavSistemi.Core", "OnlineSinavSistemi.Core\OnlineSinavSistemi.Core.csproj", "{DE4DD82E-81CD-4BB3-A484-261EA46BDFD1}"
EndProject
Project("{9A19103F-16F7-4668-BE54-9A1E7A4F7556}") = "OnlineSinavSistemi.Dal", "OnlineSinavSistemi.Dal\OnlineSinavSistemi.Dal.csproj", "{B03AD591-427B-4670-BD91-2B5873373B90}"
EndProject
Project("{9A19103F-16F7-4668-BE54-9A1E7A4F7556}") = "OnlineSinavSistemi.Bll", "OnlineSinavSistemi.Bll\OnlineSinavSistemi.Bll.csproj", "{812859FC-3221-4C32-A443-2524E127218E}"
EndProject
Project("{FAE04EC0-301F-11D3-BF4B-00C04F79EFBC}") = "OnlineSinavSistemi.UI", "OnlineSinavSistemi.UI\OnlineSinavSistemi.UI.csproj", "{0EF7CA1C-C806-4ECA-B084-54DD2161AAD5}"
EndProject
Global
	GlobalSection(SolutionConfigurationPlatforms) = preSolution
		Debug|Any CPU = Debug|Any CPU
		Release|Any CPU = Release|Any CPU
	EndGlobalSection
	GlobalSection(ProjectConfigurationPlatforms) = postSolution
		{35419D50-BDEB-41FD-8582-DE90DB8C6F77}.Debug|Any CPU.ActiveCfg = Debug|Any CPU
		{35419D50-BDEB-41FD-8582-DE90DB8C6F77}.Debug|Any CPU.Build.0 = Debug|Any CPU
		{35419D50-BDEB-41FD-8582-DE90DB8C6F77}.Release|Any CPU.ActiveCfg = Release|Any CPU
		{35419D50-BDEB-41FD-8582-DE90DB8C6F77}.Release|Any CPU.Build.0 = Release|Any CPU
		{DE4DD82E-81CD-4BB3-A484-261EA46BDFD1}.Debug|Any CPU.ActiveCfg = Debug|Any CPU
		{DE4DD82E-81CD-4BB3-A484-261EA46BDFD1}.Debug|Any CPU.Build.0 = Debug|Any CPU
		{DE4DD82E-81CD-4BB3-A484-261EA46BDFD1}.Release|Any CPU.ActiveCfg = Release|Any CPU
		{DE4DD82E-81CD-4BB3-A484-261EA46BDFD1}.Release|Any CPU.Build.0 = Release|Any CPU
		{B03AD591-427B-4670-BD91-2B5873373B90}.Debug|Any CPU.ActiveCfg = Debug|Any CPU
		{B03AD591-427B-4670-BD91-2B5873373B90}.Debug|Any CPU.Build.0 = Debug|Any CPU
		{B03AD591-427B-4670-BD91-2B5873373B90}.Release|Any CPU.ActiveCfg = Release|Any CPU
		{B03AD591-427B-4670-BD91-2B5873373B90}.Release|Any CPU.Build.0 = Release|Any CPU
		{812859FC-3221-4C32-A443-2524E127218E}.Debug|Any CPU.ActiveCfg = Debug|Any CPU
		{812859FC-3221-4C32-A443-2524E127218E}.Debug|Any CPU.Build.0 = Debug|Any CPU
		{812859FC-3221-4C32-A443-2524E127218E}.Release|Any CPU.ActiveCfg = Release|Any CPU
		{812859FC-3221-4C32-A443-2524E127218E}.Release|Any CPU.Build.0 = Release|Any CPU
		{0EF7CA1C-C806-4ECA-B084-54DD2161AAD5}.Debug|Any CPU.ActiveCfg = Debug|Any CPU
		{0EF7CA1C-C806-4ECA-B084-54DD2161AAD5}.Debug|Any CPU.Build.0 = Debug|Any CPU
		{0EF7CA1C-C806-4ECA-B084-54DD2161AAD5}.Release|Any CPU.ActiveCfg = Release|Any CPU
		{0EF7CA1C-C806-4ECA-B084-54DD2161AAD5}.Release|Any CPU.Build.0 = Release|Any CPU
	EndGlobalSection
	GlobalSection(SolutionProperties) = preSolution
		HideSolutionNode = FALSE
	EndGlobalSection
	GlobalSection(ExtensibilityGlobals) = postSolution
		SolutionGuid = {5AAB6BDB-0499-4CA3-A702-A68D104AC13C}
	EndGlobalSection
EndGlobal
